
Microsoft Visual Studio Solution File, Format Version 12.00
# Visual Studio Version 17
VisualStudioVersion = 17.0.31903.59
MinimumVisualStudioVersion = 10.0.40219.1
Project("{2150E333-8FDC-42A3-9474-1A3956D46DE8}") = "src", "src", "{827E0CD3-B72D-47B6-A68D-7590B98EB39B}"
EndProject
Project("{FAE04EC0-301F-11D3-BF4B-00C04F79EFBC}") = "EBR.Domain", "src\EBR.Domain\EBR.Domain.csproj", "{C637B4C4-0BA7-4640-88A9-3D896A150670}"
EndProject
Project("{FAE04EC0-301F-11D3-BF4B-00C04F79EFBC}") = "EBR.Application", "src\EBR.Application\EBR.Application.csproj", "{E8B7870C-8841-4D4E-B1E9-943C0933393B}"
EndProject
Project("{FAE04EC0-301F-11D3-BF4B-00C04F79EFBC}") = "EBR.Infrastructure", "src\EBR.Infrastructure\EBR.Infrastructure.csproj", "{E862A6E7-974E-4544-9BD2-649717CDD662}"
EndProject
Project("{FAE04EC0-301F-11D3-BF4B-00C04F79EFBC}") = "EBR.Api", "src\EBR.Api\EBR.Api.csproj", "{40F9F9E9-77E3-412B-9F8E-3F79D8F4B763}"
EndProject
Project("{2150E333-8FDC-42A3-9474-1A3956D46DE8}") = "tests", "tests", "{0AB3BF05-4346-4AA6-1389-037BE0695223}"
EndProject
Project("{FAE04EC0-301F-11D3-BF4B-00C04F79EFBC}") = "EBR.UnitTests", "tests\EBR.UnitTests\EBR.UnitTests.csproj", "{765AEA81-AF0C-4B58-A88C-B92FD85A01C3}"
EndProject
Project("{FAE04EC0-301F-11D3-BF4B-00C04F79EFBC}") = "EBR.IntegrationTests", "tests\EBR.IntegrationTests\EBR.IntegrationTests.csproj", "{57118EA2-6401-4600-9C7C-B163BB9F698D}"
EndProject
Global
	GlobalSection(SolutionConfigurationPlatforms) = preSolution
		Debug|Any CPU = Debug|Any CPU
		Debug|x64 = Debug|x64
		Debug|x86 = Debug|x86
		Release|Any CPU = Release|Any CPU
		Release|x64 = Release|x64
		Release|x86 = Release|x86
	EndGlobalSection
	GlobalSection(ProjectConfigurationPlatforms) = postSolution
		{C637B4C4-0BA7-4640-88A9-3D896A150670}.Debug|Any CPU.ActiveCfg = Debug|Any CPU
		{C637B4C4-0BA7-4640-88A9-3D896A150670}.Debug|Any CPU.Build.0 = Debug|Any CPU
		{C637B4C4-0BA7-4640-88A9-3D896A150670}.Debug|x64.ActiveCfg = Debug|Any CPU
		{C637B4C4-0BA7-4640-88A9-3D896A150670}.Debug|x64.Build.0 = Debug|Any CPU
		{C637B4C4-0BA7-4640-88A9-3D896A150670}.Debug|x86.ActiveCfg = Debug|Any CPU
		{C637B4C4-0BA7-4640-88A9-3D896A150670}.Debug|x86.Build.0 = Debug|Any CPU
		{C637B4C4-0BA7-4640-88A9-3D896A150670}.Release|Any CPU.ActiveCfg = Release|Any CPU
		{C637B4C4-0BA7-4640-88A9-3D896A150670}.Release|Any CPU.Build.0 = Release|Any CPU
		{C637B4C4-0BA7-4640-88A9-3D896A150670}.Release|x64.ActiveCfg = Release|Any CPU
		{C637B4C4-0BA7-4640-88A9-3D896A150670}.Release|x64.Build.0 = Release|Any CPU
		{C637B4C4-0BA7-4640-88A9-3D896A150670}.Release|x86.ActiveCfg = Release|Any CPU
		{C637B4C4-0BA7-4640-88A9-3D896A150670}.Release|x86.Build.0 = Release|Any CPU
		{E8B7870C-8841-4D4E-B1E9-943C0933393B}.Debug|Any CPU.ActiveCfg = Debug|Any CPU
		{E8B7870C-8841-4D4E-B1E9-943C0933393B}.Debug|Any CPU.Build.0 = Debug|Any CPU
		{E8B7870C-8841-4D4E-B1E9-943C0933393B}.Debug|x64.ActiveCfg = Debug|Any CPU
		{E8B7870C-8841-4D4E-B1E9-943C0933393B}.Debug|x64.Build.0 = Debug|Any CPU
		{E8B7870C-8841-4D4E-B1E9-943C0933393B}.Debug|x86.ActiveCfg = Debug|Any CPU
		{E8B7870C-8841-4D4E-B1E9-943C0933393B}.Debug|x86.Build.0 = Debug|Any CPU
		{E8B7870C-8841-4D4E-B1E9-943C0933393B}.Release|Any CPU.ActiveCfg = Release|Any CPU
		{E8B7870C-8841-4D4E-B1E9-943C0933393B}.Release|Any CPU.Build.0 = Release|Any CPU
		{E8B7870C-8841-4D4E-B1E9-943C0933393B}.Release|x64.ActiveCfg = Release|Any CPU
		{E8B7870C-8841-4D4E-B1E9-943C0933393B}.Release|x64.Build.0 = Release|Any CPU
		{E8B7870C-8841-4D4E-B1E9-943C0933393B}.Release|x86.ActiveCfg = Release|Any CPU
		{E8B7870C-8841-4D4E-B1E9-943C0933393B}.Release|x86.Build.0 = Release|Any CPU
		{E862A6E7-974E-4544-9BD2-649717CDD662}.Debug|Any CPU.ActiveCfg = Debug|Any CPU
		{E862A6E7-974E-4544-9BD2-649717CDD662}.Debug|Any CPU.Build.0 = Debug|Any CPU
		{E862A6E7-974E-4544-9BD2-649717CDD662}.Debug|x64.ActiveCfg = Debug|Any CPU
		{E862A6E7-974E-4544-9BD2-649717CDD662}.Debug|x64.Build.0 = Debug|Any CPU
		{E862A6E7-974E-4544-9BD2-649717CDD662}.Debug|x86.ActiveCfg = Debug|Any CPU
		{E862A6E7-974E-4544-9BD2-649717CDD662}.Debug|x86.Build.0 = Debug|Any CPU
		{E862A6E7-974E-4544-9BD2-649717CDD662}.Release|Any CPU.ActiveCfg = Release|Any CPU
		{E862A6E7-974E-4544-9BD2-649717CDD662}.Release|Any CPU.Build.0 = Release|Any CPU
		{E862A6E7-974E-4544-9BD2-649717CDD662}.Release|x64.ActiveCfg = Release|Any CPU
		{E862A6E7-974E-4544-9BD2-649717CDD662}.Release|x64.Build.0 = Release|Any CPU
		{E862A6E7-974E-4544-9BD2-649717CDD662}.Release|x86.ActiveCfg = Release|Any CPU
		{E862A6E7-974E-4544-9BD2-649717CDD662}.Release|x86.Build.0 = Release|Any CPU
		{40F9F9E9-77E3-412B-9F8E-3F79D8F4B763}.Debug|Any CPU.ActiveCfg = Debug|Any CPU
		{40F9F9E9-77E3-412B-9F8E-3F79D8F4B763}.Debug|Any CPU.Build.0 = Debug|Any CPU
		{40F9F9E9-77E3-412B-9F8E-3F79D8F4B763}.Debug|x64.ActiveCfg = Debug|Any CPU
		{40F9F9E9-77E3-412B-9F8E-3F79D8F4B763}.Debug|x64.Build.0 = Debug|Any CPU
		{40F9F9E9-77E3-412B-9F8E-3F79D8F4B763}.Debug|x86.ActiveCfg = Debug|Any CPU
		{40F9F9E9-77E3-412B-9F8E-3F79D8F4B763}.Debug|x86.Build.0 = Debug|Any CPU
		{40F9F9E9-77E3-412B-9F8E-3F79D8F4B763}.Release|Any CPU.ActiveCfg = Release|Any CPU
		{40F9F9E9-77E3-412B-9F8E-3F79D8F4B763}.Release|Any CPU.Build.0 = Release|Any CPU
		{40F9F9E9-77E3-412B-9F8E-3F79D8F4B763}.Release|x64.ActiveCfg = Release|Any CPU
		{40F9F9E9-77E3-412B-9F8E-3F79D8F4B763}.Release|x64.Build.0 = Release|Any CPU
		{40F9F9E9-77E3-412B-9F8E-3F79D8F4B763}.Release|x86.ActiveCfg = Release|Any CPU
		{40F9F9E9-77E3-412B-9F8E-3F79D8F4B763}.Release|x86.Build.0 = Release|Any CPU
		{765AEA81-AF0C-4B58-A88C-B92FD85A01C3}.Debug|Any CPU.ActiveCfg = Debug|Any CPU
		{765AEA81-AF0C-4B58-A88C-B92FD85A01C3}.Debug|Any CPU.Build.0 = Debug|Any CPU
		{765AEA81-AF0C-4B58-A88C-B92FD85A01C3}.Debug|x64.ActiveCfg = Debug|Any CPU
		{765AEA81-AF0C-4B58-A88C-B92FD85A01C3}.Debug|x64.Build.0 = Debug|Any CPU
		{765AEA81-AF0C-4B58-A88C-B92FD85A01C3}.Debug|x86.ActiveCfg = Debug|Any CPU
		{765AEA81-AF0C-4B58-A88C-B92FD85A01C3}.Debug|x86.Build.0 = Debug|Any CPU
		{765AEA81-AF0C-4B58-A88C-B92FD85A01C3}.Release|Any CPU.ActiveCfg = Release|Any CPU
		{765AEA81-AF0C-4B58-A88C-B92FD85A01C3}.Release|Any CPU.Build.0 = Release|Any CPU
		{765AEA81-AF0C-4B58-A88C-B92FD85A01C3}.Release|x64.ActiveCfg = Release|Any CPU
		{765AEA81-AF0C-4B58-A88C-B92FD85A01C3}.Release|x64.Build.0 = Release|Any CPU
		{765AEA81-AF0C-4B58-A88C-B92FD85A01C3}.Release|x86.ActiveCfg = Release|Any CPU
		{765AEA81-AF0C-4B58-A88C-B92FD85A01C3}.Release|x86.Build.0 = Release|Any CPU
		{57118EA2-6401-4600-9C7C-B163BB9F698D}.Debug|Any CPU.ActiveCfg = Debug|Any CPU
		{57118EA2-6401-4600-9C7C-B163BB9F698D}.Debug|Any CPU.Build.0 = Debug|Any CPU
		{57118EA2-6401-4600-9C7C-B163BB9F698D}.Debug|x64.ActiveCfg = Debug|Any CPU
		{57118EA2-6401-4600-9C7C-B163BB9F698D}.Debug|x64.Build.0 = Debug|Any CPU
		{57118EA2-6401-4600-9C7C-B163BB9F698D}.Debug|x86.ActiveCfg = Debug|Any CPU
		{57118EA2-6401-4600-9C7C-B163BB9F698D}.Debug|x86.Build.0 = Debug|Any CPU
		{57118EA2-6401-4600-9C7C-B163BB9F698D}.Release|Any CPU.ActiveCfg = Release|Any CPU
		{57118EA2-6401-4600-9C7C-B163BB9F698D}.Release|Any CPU.Build.0 = Release|Any CPU
		{57118EA2-6401-4600-9C7C-B163BB9F698D}.Release|x64.ActiveCfg = Release|Any CPU
		{57118EA2-6401-4600-9C7C-B163BB9F698D}.Release|x64.Build.0 = Release|Any CPU
		{57118EA2-6401-4600-9C7C-B163BB9F698D}.Release|x86.ActiveCfg = Release|Any CPU
		{57118EA2-6401-4600-9C7C-B163BB9F698D}.Release|x86.Build.0 = Release|Any CPU
	EndGlobalSection
	GlobalSection(SolutionProperties) = preSolution
		HideSolutionNode = FALSE
	EndGlobalSection
	GlobalSection(NestedProjects) = preSolution
		{C637B4C4-0BA7-4640-88A9-3D896A150670} = {827E0CD3-B72D-47B6-A68D-7590B98EB39B}
		{E8B7870C-8841-4D4E-B1E9-943C0933393B} = {827E0CD3-B72D-47B6-A68D-7590B98EB39B}
		{E862A6E7-974E-4544-9BD2-649717CDD662} = {827E0CD3-B72D-47B6-A68D-7590B98EB39B}
		{40F9F9E9-77E3-412B-9F8E-3F79D8F4B763} = {827E0CD3-B72D-47B6-A68D-7590B98EB39B}
		{765AEA81-AF0C-4B58-A88C-B92FD85A01C3} = {0AB3BF05-4346-4AA6-1389-037BE0695223}
		{57118EA2-6401-4600-9C7C-B163BB9F698D} = {0AB3BF05-4346-4AA6-1389-037BE0695223}
	EndGlobalSection
EndGlobal
